
Microsoft Visual Studio Solution File, Format Version 12.00
# Visual Studio Version 17
VisualStudioVersion = 17.7.34031.279
MinimumVisualStudioVersion = 10.0.40219.1
Project("{8BC9CEB8-8B4A-11D0-8D11-00A0C91BC942}") = "dziesietna_do_NKB", "dziesietna_do_NKB\dziesietna_do_NKB.vcxproj", "{7F3EADEA-DA89-4739-B11D-8D30FEC3895A}"
EndProject
Global
	GlobalSection(SolutionConfigurationPlatforms) = preSolution
		Debug|x64 = Debug|x64
		Debug|x86 = Debug|x86
		Release|x64 = Release|x64
		Release|x86 = Release|x86
	EndGlobalSection
	GlobalSection(ProjectConfigurationPlatforms) = postSolution
		{7F3EADEA-DA89-4739-B11D-8D30FEC3895A}.Debug|x64.ActiveCfg = Debug|x64
		{7F3EADEA-DA89-4739-B11D-8D30FEC3895A}.Debug|x64.Build.0 = Debug|x64
		{7F3EADEA-DA89-4739-B11D-8D30FEC3895A}.Debug|x86.ActiveCfg = Debug|Win32
		{7F3EADEA-DA89-4739-B11D-8D30FEC3895A}.Debug|x86.Build.0 = Debug|Win32
		{7F3EADEA-DA89-4739-B11D-8D30FEC3895A}.Release|x64.ActiveCfg = Release|x64
		{7F3EADEA-DA89-4739-B11D-8D30FEC3895A}.Release|x64.Build.0 = Release|x64
		{7F3EADEA-DA89-4739-B11D-8D30FEC3895A}.Release|x86.ActiveCfg = Release|Win32
		{7F3EADEA-DA89-4739-B11D-8D30FEC3895A}.Release|x86.Build.0 = Release|Win32
	EndGlobalSection
	GlobalSection(SolutionProperties) = preSolution
		HideSolutionNode = FALSE
	EndGlobalSection
	GlobalSection(ExtensibilityGlobals) = postSolution
		SolutionGuid = {18C71D36-365D-4D3A-A203-FA23CCE9E16C}
	EndGlobalSection
EndGlobal
